lockfileVersion: '9.0'

settings:
  autoInstallPeers: true
  excludeLinksFromLockfile: false

importers:

  .:
    dependencies:
      axe-core:
        specifier: ^4.11.1
        version: 4.11.2
      csv-stringify:
        specifier: ^6.6.0
        version: 6.7.0
      fast-xml-parser:
        specifier: ^5.3.3
        version: 5.5.12
      playwright:
        specifier: ^1.57.0
        version: 1.59.1
    devDependencies:
      husky:
        specifier: ^9.1.7
        version: 9.1.7

packages:

  axe-core@4.11.2:
    resolution: {integrity: sha512-byD6KPdvo72y/wj2T/4zGEvvlis+PsZsn/yPS3pEO+sFpcrqRpX/TJCxvVaEsNeMrfQbCr7w163YqoD9IYwHXw==}
    engines: {node: '>=4'}

  csv-stringify@6.7.0:
    resolution: {integrity: sha512-UdtziYp5HuTz7e5j8Nvq+a/3HQo+2/aJZ9xntNTpmRRIg/3YYqDVgiS9fvAhtNbnyfbv2ZBe0bqCHqzhE7FqWQ==}

  fast-xml-builder@1.1.4:
    resolution: {integrity: sha512-f2jhpN4Eccy0/Uz9csxh3Nu6q4ErKxf0XIsasomfOihuSUa3/xw6w8dnOtCDgEItQFJG8KyXPzQXzcODDrrbOg==}

  fast-xml-parser@5.5.12:
    resolution: {integrity: sha512-nUR0q8PPfoA/svPM43Gup7vLOZWppaNrYgGmrVqrAVJa7cOH4hMG6FX9M4mQ8dZA1/ObGZHzES7Ed88hxEBSJg==}
    hasBin: true

  fsevents@2.3.2:
    resolution: {integrity: sha512-xiqMQR4xAeHTuB9uWm+fFRcIOgKBMiOBP+eXiyT7jsgVCq1bkVygt00oASowB7EdtpOHaaPgKt812P9ab+DDKA==}
    engines: {node: ^8.16.0 || ^10.6.0 || >=11.0.0}
    os: [darwin]

  husky@9.1.7:
    resolution: {integrity: sha512-5gs5ytaNjBrh5Ow3zrvdUUY+0VxIuWVL4i9irt6friV+BqdCfmV11CQTWMiBYWHbXhco+J1kHfTOUkePhCDvMA==}
    engines: {node: '>=18'}
    hasBin: true

  path-expression-matcher@1.5.0:
    resolution: {integrity: sha512-cbrerZV+6rvdQrrD+iGMcZFEiiSrbv9Tfdkvnusy6y0x0GKBXREFg/Y65GhIfm0tnLntThhzCnfKwp1WRjeCyQ==}
    engines: {node: '>=14.0.0'}

  playwright-core@1.59.1:
    resolution: {integrity: sha512-HBV/RJg81z5BiiZ9yPzIiClYV/QMsDCKUyogwH9p3MCP6IYjUFu/MActgYAvK0oWyV9NlwM3GLBjADyWgydVyg==}
    engines: {node: '>=18'}
    hasBin: true

  playwright@1.59.1:
    resolution: {integrity: sha512-C8oWjPR3F81yljW9o5OxcWzfh6avkVwDD2VYdwIGqTkl+OGFISgypqzfu7dOe4QNLL2aqcWBmI3PMtLIK233lw==}
    engines: {node: '>=18'}
    hasBin: true

  strnum@2.2.3:
    resolution: {integrity: sha512-oKx6RUCuHfT3oyVjtnrmn19H1SiCqgJSg+54XqURKp5aCMbrXrhLjRN9TjuwMjiYstZ0MzDrHqkGZ5dFTKd+zg==}

snapshots:

  axe-core@4.11.2: {}

  csv-stringify@6.7.0: {}

  fast-xml-builder@1.1.4:
    dependencies:
      path-expression-matcher: 1.5.0

  fast-xml-parser@5.5.12:
    dependencies:
      fast-xml-builder: 1.1.4
      path-expression-matcher: 1.5.0
      strnum: 2.2.3

  fsevents@2.3.2:
    optional: true

  husky@9.1.7: {}

  path-expression-matcher@1.5.0: {}

  playwright-core@1.59.1: {}

  playwright@1.59.1:
    dependencies:
      playwright-core: 1.59.1
    optionalDependencies:
      fsevents: 2.3.2

  strnum@2.2.3: {}
